<?xml version="1.0" encoding="utf-8"?>
<Project ToolsVersion="4.0" xmlns="http://schemas.microsoft.com/developer/msbuild/2003">
  <ItemGroup>
    <Filter Include="Source Files">
      <UniqueIdentifier>{4FC737F1-C7A5-4376-A066-2A32D752A2FF}</UniqueIdentifier>
      <Extensions>cpp;c;cc;cxx;def;odl;idl;hpj;bat;asm;asmx</Extensions>
    </Filter>
    <Filter Include="Header Files">
      <UniqueIdentifier>{93995380-89BD-4b04-88EB-625FBE52EBFB}</UniqueIdentifier>
      <Extensions>h;hpp;hxx;hm;inl;inc;xsd</Extensions>
    </Filter>
    <Filter Include="Resource Files">
      <UniqueIdentifier>{67DA6AB6-F800-4c08-8B7A-83BB121AAD01}</UniqueIdentifier>
      <Extensions>rc;ico;cur;bmp;dlg;rc2;rct;bin;rgs;gif;jpg;jpeg;jpe;resx;tiff;tif;png;wav;mfcribbon-ms</Extensions>
    </Filter>
    <Filter Include="mw_hdr_capture_ui">
      <UniqueIdentifier>{4ddf4932-e404-45f8-ae2d-af6aa22e509c}</UniqueIdentifier>
    </Filter>
    <Filter Include="gl3w">
      <UniqueIdentifier>{f6ce998c-973b-4929-87a2-17b6fd8ec22e}</UniqueIdentifier>
    </Filter>
    <Filter Include="imgui">
      <UniqueIdentifier>{822de339-1a6d-4a5d-9287-1f69f5e72cad}</UniqueIdentifier>
    </Filter>
    <Filter Include="mw_imgui_widget">
      <UniqueIdentifier>{648bf045-0d16-45de-a796-fa2ab60a64e6}</UniqueIdentifier>
    </Filter>
    <Filter Include="mw_opengl_render">
      <UniqueIdentifier>{fae0bdbe-92c2-414c-a106-ddff56ed1254}</UniqueIdentifier>
    </Filter>
    <Filter Include="mw_capture">
      <UniqueIdentifier>{f8660baf-b920-4cdb-8c7e-19121b8c9a8c}</UniqueIdentifier>
    </Filter>
    <Filter Include="mw_encoder">
      <UniqueIdentifier>{6a386a74-df5c-4ac7-bd68-36ba6870be69}</UniqueIdentifier>
    </Filter>
    <Filter Include="hevcparse">
      <UniqueIdentifier>{f6047cbf-edb1-4bc0-8dfc-e3814100e041}</UniqueIdentifier>
    </Filter>
  </ItemGroup>
  <ItemGroup>
    <ClCompile Include="..\src\mw_hdr_capture.cpp">
      <Filter>Source Files</Filter>
    </ClCompile>
    <ClCompile Include="..\src\mw_hdr_capture_ui\mw_hdr_capture_ui.cpp">
      <Filter>mw_hdr_capture_ui</Filter>
    </ClCompile>
    <ClCompile Include="..\..\..\..\..\..\3rdPart\OpenGL\gl3w\GL\gl3w.c">
      <Filter>gl3w</Filter>
    </ClCompile>
    <ClCompile Include="..\..\..\..\..\..\3rdPart\imgui_1_71\imgui.cpp">
      <Filter>imgui</Filter>
    </ClCompile>
    <ClCompile Include="..\..\..\..\..\..\3rdPart\imgui_1_71\imgui_demo.cpp">
      <Filter>imgui</Filter>
    </ClCompile>
    <ClCompile Include="..\..\..\..\..\..\3rdPart\imgui_1_71\imgui_draw.cpp">
      <Filter>imgui</Filter>
    </ClCompile>
    <ClCompile Include="..\..\..\..\..\..\3rdPart\imgui_1_71\imgui_widgets.cpp">
      <Filter>imgui</Filter>
    </ClCompile>
    <ClCompile Include="..\..\..\..\..\..\3rdPart\imgui_1_71\imgui_glfw\imgui_impl_glfw.cpp">
      <Filter>imgui</Filter>
    </ClCompile>
    <ClCompile Include="..\..\..\..\..\..\3rdPart\imgui_1_71\imgui_opengl3\imgui_impl_opengl3.cpp">
      <Filter>imgui</Filter>
    </ClCompile>
    <ClCompile Include="..\src\mw_hdr_capture_ui\mw_hdr_capture_ui_manager.cpp">
      <Filter>mw_hdr_capture_ui</Filter>
    </ClCompile>
    <ClCompile Include="..\src\mw_imgui_widget\mw_imgui_widget.cpp">
      <Filter>mw_imgui_widget</Filter>
    </ClCompile>
    <ClCompile Include="..\src\mw_imgui_widget\mw_hdr_capture_menubar.cpp">
      <Filter>mw_imgui_widget</Filter>
    </ClCompile>
    <ClCompile Include="..\src\mw_opengl_render\mw_render_buffer.cpp">
      <Filter>mw_opengl_render</Filter>
    </ClCompile>
    <ClCompile Include="..\src\mw_opengl_render\mw_opengl_render.cpp">
      <Filter>mw_opengl_render</Filter>
    </ClCompile>
    <ClCompile Include="..\src\mw_capture\mw_capture.cpp">
      <Filter>mw_capture</Filter>
    </ClCompile>
    <ClCompile Include="..\src\mw_imgui_widget\mw_hdr_value.cpp">
      <Filter>mw_imgui_widget</Filter>
    </ClCompile>
    <ClCompile Include="..\src\mw_encoder\mw_hdr_encoder.cpp">
      <Filter>mw_encoder</Filter>
    </ClCompile>
    <ClCompile Include="..\src\mw_imgui_widget\mw_encoder_adapter.cpp">
      <Filter>mw_imgui_widget</Filter>
    </ClCompile>
    <ClCompile Include="..\src\hevcparse\hevc_bitstream.cpp">
      <Filter>hevcparse</Filter>
    </ClCompile>
    <ClCompile Include="..\src\hevcparse\hevc_nalu.cpp">
      <Filter>hevcparse</Filter>
    </ClCompile>
    <ClCompile Include="..\src\hevcparse\hevc_sei.cpp">
      <Filter>hevcparse</Filter>
    </ClCompile>
    <ClCompile Include="..\src\hevcparse\hevc_sps.cpp">
      <Filter>hevcparse</Filter>
    </ClCompile>
    <ClCompile Include="..\src\mw_imgui_widget\mw_hdr_overlay_text.cpp">
      <Filter>mw_imgui_widget</Filter>
    </ClCompile>
  </ItemGroup>
  <ItemGroup>
    <ClInclude Include="..\src\mw_hdr_capture_ui\mw_hdr_capture_ui.h">
      <Filter>mw_hdr_capture_ui</Filter>
    </ClInclude>
    <ClInclude Include="..\..\..\..\..\..\3rdPart\OpenGL\gl3w\GL\gl3w.h">
      <Filter>gl3w</Filter>
    </ClInclude>
    <ClInclude Include="..\..\..\..\..\..\3rdPart\OpenGL\gl3w\GL\glcorearb.h">
      <Filter>gl3w</Filter>
    </ClInclude>
    <ClInclude Include="..\..\..\..\..\..\3rdPart\imgui_1_71\imconfig.h">
      <Filter>imgui</Filter>
    </ClInclude>
    <ClInclude Include="..\..\..\..\..\..\3rdPart\imgui_1_71\imgui.h">
      <Filter>imgui</Filter>
    </ClInclude>
    <ClInclude Include="..\..\..\..\..\..\3rdPart\imgui_1_71\imgui_internal.h">
      <Filter>imgui</Filter>
    </ClInclude>
    <ClInclude Include="..\..\..\..\..\..\3rdPart\imgui_1_71\imstb_rectpack.h">
      <Filter>imgui</Filter>
    </ClInclude>
    <ClInclude Include="..\..\..\..\..\..\3rdPart\imgui_1_71\imstb_textedit.h">
      <Filter>imgui</Filter>
    </ClInclude>
    <ClInclude Include="..\..\..\..\..\..\3rdPart\imgui_1_71\imstb_truetype.h">
      <Filter>imgui</Filter>
    </ClInclude>
    <ClInclude Include="..\..\..\..\..\..\3rdPart\imgui_1_71\imgui_glfw\imgui_impl_glfw.h">
      <Filter>imgui</Filter>
    </ClInclude>
    <ClInclude Include="..\..\..\..\..\..\3rdPart\imgui_1_71\imgui_opengl3\imgui_impl_opengl3.h">
      <Filter>imgui</Filter>
    </ClInclude>
    <ClInclude Include="..\src\mw_hdr_capture_ui\mw_hdr_capture_ui_manager.h">
      <Filter>mw_hdr_capture_ui</Filter>
    </ClInclude>
    <ClInclude Include="..\src\mw_imgui_widget\mw_imgui_widget.h">
      <Filter>mw_imgui_widget</Filter>
    </ClInclude>
    <ClInclude Include="..\src\mw_imgui_widget\mw_hdr_capture_menubar.h">
      <Filter>mw_imgui_widget</Filter>
    </ClInclude>
    <ClInclude Include="..\src\mw_opengl_render\mw_render_buffer.h">
      <Filter>mw_opengl_render</Filter>
    </ClInclude>
    <ClInclude Include="..\src\mw_opengl_render\mw_opengl_render.h">
      <Filter>mw_opengl_render</Filter>
    </ClInclude>
    <ClInclude Include="..\src\mw_capture\mw_capture.h">
      <Filter>mw_capture</Filter>
    </ClInclude>
    <ClInclude Include="..\src\mw_imgui_widget\mw_hdr_value.h">
      <Filter>mw_imgui_widget</Filter>
    </ClInclude>
    <ClInclude Include="..\src\mw_encoder\mw_hdr_encoder.h">
      <Filter>mw_encoder</Filter>
    </ClInclude>
    <ClInclude Include="..\src\mw_imgui_widget\mw_encoder_adapter.h">
      <Filter>mw_imgui_widget</Filter>
    </ClInclude>
    <ClInclude Include="..\src\hevcparse\hevc_bitstream.h">
      <Filter>hevcparse</Filter>
    </ClInclude>
    <ClInclude Include="..\src\hevcparse\hevc_nalu.h">
      <Filter>hevcparse</Filter>
    </ClInclude>
    <ClInclude Include="..\src\hevcparse\hevc_sei.h">
      <Filter>hevcparse</Filter>
    </ClInclude>
    <ClInclude Include="..\src\hevcparse\hevc_sps.h">
      <Filter>hevcparse</Filter>
    </ClInclude>
    <ClInclude Include="..\src\FileVer.h">
      <Filter>Header Files</Filter>
    </ClInclude>
    <ClInclude Include="..\src\resource.h">
      <Filter>Header Files</Filter>
    </ClInclude>
    <ClInclude Include="..\src\mw_imgui_widget\mw_hdr_overlay_text.h">
      <Filter>mw_imgui_widget</Filter>
    </ClInclude>
  </ItemGroup>
  <ItemGroup>
    <ResourceCompile Include="..\res\HDRCapture.rc">
      <Filter>Resource Files</Filter>
    </ResourceCompile>
  </ItemGroup>
</Project>